id: P-BASE-CODE-BLOCK
type: prototype
title: Base Code Block
status: draft
since: 0.2.0-rc.6
summary: Base Code Block root protocol for composed code presentation.
sources:
  - path: packages/prototypes/base/src/code-block/root.proto.ts
revisions:
  - version: 0.2.0-rc.6
    change: introduced
    summary: Introduced base code-block root.
tags:
  - prototype
verifies:
  tests:
    - T-BASE-CODE-BLOCK-0001
