id: P-BRUTALIST-CODE-BLOCK
type: prototype
title: Brutalist Code Block
status: draft
since: 0.2.0-rc.7
summary: Brutalist Code Block root projection over Base Code Block.
sources:
  - path: packages/prototypes/brutalist/src/code-block/root.proto.ts
revisions:
  - version: 0.2.0-rc.7
    change: introduced
    summary: Introduced brutalist code-block root.
tags:
  - prototype
verifies:
  tests:
    - T-BRUTALIST-CODE-BLOCK-0001
inherits:
  prototypes:
    - id: P-BASE-CODE-BLOCK
