{
  "name": "proto-ui-packed-radio-vue2",
  "version": "0.0.0",
  "lockfileVersion": 3,
  "requires": true,
  "packages": {
    "": {
      "name": "proto-ui-packed-radio-vue2",
      "version": "0.0.0",
      "dependencies": {
        "@proto.ui/adapter-base": "file:../../release-465b498d/tarballs/proto.ui-adapter-base-0.3.0-alpha.1.tgz",
        "@proto.ui/adapter-vue2": "file:../../release-465b498d/tarballs/proto.ui-adapter-vue2-0.3.0-alpha.1.tgz",
        "@proto.ui/cli": "file:../../release-465b498d/tarballs/proto.ui-cli-0.3.0-alpha.1.tgz",
        "@proto.ui/core": "file:../../release-465b498d/tarballs/proto.ui-core-0.3.0-alpha.1.tgz",
        "@proto.ui/hooks": "file:../../release-465b498d/tarballs/proto.ui-hooks-0.3.0-alpha.1.tgz",
        "@proto.ui/module-a11y": "file:../../release-465b498d/tarballs/proto.ui-module-a11y-0.3.0-alpha.1.tgz",
        "@proto.ui/module-anatomy": "file:../../release-465b498d/tarballs/proto.ui-module-anatomy-0.3.0-alpha.1.tgz",
        "@proto.ui/module-as-trigger": "file:../../release-465b498d/tarballs/proto.ui-module-as-trigger-0.3.0-alpha.1.tgz",
        "@proto.ui/module-base": "file:../../release-465b498d/tarballs/proto.ui-module-base-0.3.0-alpha.1.tgz",
        "@proto.ui/module-boundary": "file:../../release-465b498d/tarballs/proto.ui-module-boundary-0.3.0-alpha.1.tgz",
        "@proto.ui/module-collection": "file:../../release-465b498d/tarballs/proto.ui-module-collection-0.3.0-alpha.1.tgz",
        "@proto.ui/module-context": "file:../../release-465b498d/tarballs/proto.ui-module-context-0.3.0-alpha.1.tgz",
        "@proto.ui/module-event": "file:../../release-465b498d/tarballs/proto.ui-module-event-0.3.0-alpha.1.tgz",
        "@proto.ui/module-expose": "file:../../release-465b498d/tarballs/proto.ui-module-expose-0.3.0-alpha.1.tgz",
        "@proto.ui/module-expose-event": "file:../../release-465b498d/tarballs/proto.ui-module-expose-event-0.3.0-alpha.1.tgz",
        "@proto.ui/module-expose-state": "file:../../release-465b498d/tarballs/proto.ui-module-expose-state-0.3.0-alpha.1.tgz",
        "@proto.ui/module-expose-state-web": "file:../../release-465b498d/tarballs/proto.ui-module-expose-state-web-0.3.0-alpha.1.tgz",
        "@proto.ui/module-feedback": "file:../../release-465b498d/tarballs/proto.ui-module-feedback-0.3.0-alpha.1.tgz",
        "@proto.ui/module-focus": "file:../../release-465b498d/tarballs/proto.ui-module-focus-0.3.0-alpha.1.tgz",
        "@proto.ui/module-hit-participation": "file:../../release-465b498d/tarballs/proto.ui-module-hit-participation-0.3.0-alpha.1.tgz",
        "@proto.ui/module-image-view": "file:../../release-465b498d/tarballs/proto.ui-module-image-view-0.3.0-alpha.1.tgz",
        "@proto.ui/module-overlay": "file:../../release-465b498d/tarballs/proto.ui-module-overlay-0.3.0-alpha.1.tgz",
        "@proto.ui/module-positioning": "file:../../release-465b498d/tarballs/proto.ui-module-positioning-0.3.0-alpha.1.tgz",
        "@proto.ui/module-presence": "file:../../release-465b498d/tarballs/proto.ui-module-presence-0.3.0-alpha.1.tgz",
        "@proto.ui/module-props": "file:../../release-465b498d/tarballs/proto.ui-module-props-0.3.0-alpha.1.tgz",
        "@proto.ui/module-rule": "file:../../release-465b498d/tarballs/proto.ui-module-rule-0.3.0-alpha.1.tgz",
        "@proto.ui/module-rule-expose-state-web": "file:../../release-465b498d/tarballs/proto.ui-module-rule-expose-state-web-0.3.0-alpha.1.tgz",
        "@proto.ui/module-rule-meta": "file:../../release-465b498d/tarballs/proto.ui-module-rule-meta-0.3.0-alpha.1.tgz",
        "@proto.ui/module-scroll": "file:../../release-465b498d/tarballs/proto.ui-module-scroll-0.3.0-alpha.1.tgz",
        "@proto.ui/module-state": "file:../../release-465b498d/tarballs/proto.ui-module-state-0.3.0-alpha.1.tgz",
        "@proto.ui/module-state-accessibility": "file:../../release-465b498d/tarballs/proto.ui-module-state-accessibility-0.3.0-alpha.1.tgz",
        "@proto.ui/module-state-interaction": "file:../../release-465b498d/tarballs/proto.ui-module-state-interaction-0.3.0-alpha.1.tgz",
        "@proto.ui/module-test-sys": "file:../../release-465b498d/tarballs/proto.ui-module-test-sys-0.3.0-alpha.1.tgz",
        "@proto.ui/module-text-control": "file:../../release-465b498d/tarballs/proto.ui-module-text-control-0.3.0-alpha.1.tgz",
        "@proto.ui/prototypes-base": "file:../../release-465b498d/tarballs/proto.ui-prototypes-base-0.3.0-alpha.1.tgz",
        "@proto.ui/prototypes-shadcn": "file:../../release-465b498d/tarballs/proto.ui-prototypes-shadcn-0.3.0-alpha.1.tgz",
        "@proto.ui/runtime": "file:../../release-465b498d/tarballs/proto.ui-runtime-0.3.0-alpha.1.tgz",
        "@proto.ui/types": "file:../../release-465b498d/tarballs/proto.ui-types-0.3.0-alpha.1.tgz",
        "tsx": "4.21.0",
        "typescript": "5.9.3",
        "vue": "2.6.14"
      }
    },
    "node_modules/@esbuild/aix-ppc64": {
      "version": "0.27.7",
      "resolved": "https://registry.npmjs.org/@esbuild/aix-ppc64/-/aix-ppc64-0.27.7.tgz",
      "integrity": "sha512-EKX3Qwmhz1eMdEJokhALr0YiD0lhQNwDqkPYyPhiSwKrh7/4KRjQc04sZ8db+5DVVnZ1LmbNDI1uAMPEUBnQPg==",
      "cpu": [
        "ppc64"
      ],
      "license": "MIT",
      "optional": true,
      "os": [
        "aix"
      ],
      "engines": {
        "node": ">=18"
      }
    },
    "node_modules/@esbuild/android-arm": {
      "version": "0.27.7",
      "resolved": "https://registry.npmjs.org/@esbuild/android-arm/-/android-arm-0.27.7.tgz",
      "integrity": "sha512-jbPXvB4Yj2yBV7HUfE2KHe4GJX51QplCN1pGbYjvsyCZbQmies29EoJbkEc+vYuU5o45AfQn37vZlyXy4YJ8RQ==",
      "cpu": [
        "arm"
      ],
      "license": "MIT",
      "optional": true,
      "os": [
        "android"
      ],
      "engines": {
        "node": ">=18"
      }
    },
    "node_modules/@esbuild/android-arm64": {
      "version": "0.27.7",
      "resolved": "https://registry.npmjs.org/@esbuild/android-arm64/-/android-arm64-0.27.7.tgz",
      "integrity": "sha512-62dPZHpIXzvChfvfLJow3q5dDtiNMkwiRzPylSCfriLvZeq0a1bWChrGx/BbUbPwOrsWKMn8idSllklzBy+dgQ==",
      "cpu": [
        "arm64"
      ],
      "license": "MIT",
      "optional": true,
      "os": [
        "android"
      ],
      "engines": {
        "node": ">=18"
      }
    },
    "node_modules/@esbuild/android-x64": {
      "version": "0.27.7",
      "resolved": "https://registry.npmjs.org/@esbuild/android-x64/-/android-x64-0.27.7.tgz",
      "integrity": "sha512-x5VpMODneVDb70PYV2VQOmIUUiBtY3D3mPBG8NxVk5CogneYhkR7MmM3yR/uMdITLrC1ml/NV1rj4bMJuy9MCg==",
      "cpu": [
        "x64"
      ],
      "license": "MIT",
      "optional": true,
      "os": [
        "android"
      ],
      "engines": {
        "node": ">=18"
      }
    },
    "node_modules/@esbuild/darwin-arm64": {
      "version": "0.27.7",
      "resolved": "https://registry.npmjs.org/@esbuild/darwin-arm64/-/darwin-arm64-0.27.7.tgz",
      "integrity": "sha512-5lckdqeuBPlKUwvoCXIgI2D9/ABmPq3Rdp7IfL70393YgaASt7tbju3Ac+ePVi3KDH6N2RqePfHnXkaDtY9fkw==",
      "cpu": [
        "arm64"
      ],
      "license": "MIT",
      "optional": true,
      "os": [
        "darwin"
      ],
      "engines": {
        "node": ">=18"
      }
    },
    "node_modules/@esbuild/darwin-x64": {
      "version": "0.27.7",
      "resolved": "https://registry.npmjs.org/@esbuild/darwin-x64/-/darwin-x64-0.27.7.tgz",
      "integrity": "sha512-rYnXrKcXuT7Z+WL5K980jVFdvVKhCHhUwid+dDYQpH+qu+TefcomiMAJpIiC2EM3Rjtq0sO3StMV/+3w3MyyqQ==",
      "cpu": [
        "x64"
      ],
      "license": "MIT",
      "optional": true,
      "os": [
        "darwin"
      ],
      "engines": {
        "node": ">=18"
      }
    },
    "node_modules/@esbuild/freebsd-arm64": {
      "version": "0.27.7",
      "resolved": "https://registry.npmjs.org/@esbuild/freebsd-arm64/-/freebsd-arm64-0.27.7.tgz",
      "integrity": "sha512-B48PqeCsEgOtzME2GbNM2roU29AMTuOIN91dsMO30t+Ydis3z/3Ngoj5hhnsOSSwNzS+6JppqWsuhTp6E82l2w==",
      "cpu": [
        "arm64"
      ],
      "license": "MIT",
      "optional": true,
      "os": [
        "freebsd"
      ],
      "engines": {
        "node": ">=18"
      }
    },
    "node_modules/@esbuild/freebsd-x64": {
      "version": "0.27.7",
      "resolved": "https://registry.npmjs.org/@esbuild/freebsd-x64/-/freebsd-x64-0.27.7.tgz",
      "integrity": "sha512-jOBDK5XEjA4m5IJK3bpAQF9/Lelu/Z9ZcdhTRLf4cajlB+8VEhFFRjWgfy3M1O4rO2GQ/b2dLwCUGpiF/eATNQ==",
      "cpu": [
        "x64"
      ],
      "license": "MIT",
      "optional": true,
      "os": [
        "freebsd"
      ],
      "engines": {
        "node": ">=18"
      }
    },
    "node_modules/@esbuild/linux-arm": {
      "version": "0.27.7",
      "resolved": "https://registry.npmjs.org/@esbuild/linux-arm/-/linux-arm-0.27.7.tgz",
      "integrity": "sha512-RkT/YXYBTSULo3+af8Ib0ykH8u2MBh57o7q/DAs3lTJlyVQkgQvlrPTnjIzzRPQyavxtPtfg0EopvDyIt0j1rA==",
      "cpu": [
        "arm"
      ],
      "license": "MIT",
      "optional": true,
      "os": [
        "linux"
      ],
      "engines": {
        "node": ">=18"
      }
    },
    "node_modules/@esbuild/linux-arm64": {
      "version": "0.27.7",
      "resolved": "https://registry.npmjs.org/@esbuild/linux-arm64/-/linux-arm64-0.27.7.tgz",
      "integrity": "sha512-RZPHBoxXuNnPQO9rvjh5jdkRmVizktkT7TCDkDmQ0W2SwHInKCAV95GRuvdSvA7w4VMwfCjUiPwDi0ZO6Nfe9A==",
      "cpu": [
        "arm64"
      ],
      "license": "MIT",
      "optional": true,
      "os": [
        "linux"
      ],
      "engines": {
        "node": ">=18"
      }
    },
    "node_modules/@esbuild/linux-ia32": {
      "version": "0.27.7",
      "resolved": "https://registry.npmjs.org/@esbuild/linux-ia32/-/linux-ia32-0.27.7.tgz",
      "integrity": "sha512-GA48aKNkyQDbd3KtkplYWT102C5sn/EZTY4XROkxONgruHPU72l+gW+FfF8tf2cFjeHaRbWpOYa/uRBz/Xq1Pg==",
      "cpu": [
        "ia32"
      ],
      "license": "MIT",
      "optional": true,
      "os": [
        "linux"
      ],
      "engines": {
        "node": ">=18"
      }
    },
    "node_modules/@esbuild/linux-loong64": {
      "version": "0.27.7",
      "resolved": "https://registry.npmjs.org/@esbuild/linux-loong64/-/linux-loong64-0.27.7.tgz",
      "integrity": "sha512-a4POruNM2oWsD4WKvBSEKGIiWQF8fZOAsycHOt6JBpZ+JN2n2JH9WAv56SOyu9X5IqAjqSIPTaJkqN8F7XOQ5Q==",
      "cpu": [
        "loong64"
      ],
      "license": "MIT",
      "optional": true,
      "os": [
        "linux"
      ],
      "engines": {
        "node": ">=18"
      }
    },
    "node_modules/@esbuild/linux-mips64el": {
      "version": "0.27.7",
      "resolved": "https://registry.npmjs.org/@esbuild/linux-mips64el/-/linux-mips64el-0.27.7.tgz",
      "integrity": "sha512-KabT5I6StirGfIz0FMgl1I+R1H73Gp0ofL9A3nG3i/cYFJzKHhouBV5VWK1CSgKvVaG4q1RNpCTR2LuTVB3fIw==",
      "cpu": [
        "mips64el"
      ],
      "license": "MIT",
      "optional": true,
      "os": [
        "linux"
      ],
      "engines": {
        "node": ">=18"
      }
    },
    "node_modules/@esbuild/linux-ppc64": {
      "version": "0.27.7",
      "resolved": "https://registry.npmjs.org/@esbuild/linux-ppc64/-/linux-ppc64-0.27.7.tgz",
      "integrity": "sha512-gRsL4x6wsGHGRqhtI+ifpN/vpOFTQtnbsupUF5R5YTAg+y/lKelYR1hXbnBdzDjGbMYjVJLJTd2OFmMewAgwlQ==",
      "cpu": [
        "ppc64"
      ],
      "license": "MIT",
      "optional": true,
      "os": [
        "linux"
      ],
      "engines": {
        "node": ">=18"
      }
    },
    "node_modules/@esbuild/linux-riscv64": {
      "version": "0.27.7",
      "resolved": "https://registry.npmjs.org/@esbuild/linux-riscv64/-/linux-riscv64-0.27.7.tgz",
      "integrity": "sha512-hL25LbxO1QOngGzu2U5xeXtxXcW+/GvMN3ejANqXkxZ/opySAZMrc+9LY/WyjAan41unrR3YrmtTsUpwT66InQ==",
      "cpu": [
        "riscv64"
      ],
      "license": "MIT",
      "optional": true,
      "os": [
        "linux"
      ],
      "engines": {
        "node": ">=18"
      }
    },
    "node_modules/@esbuild/linux-s390x": {
      "version": "0.27.7",
      "resolved": "https://registry.npmjs.org/@esbuild/linux-s390x/-/linux-s390x-0.27.7.tgz",
      "integrity": "sha512-2k8go8Ycu1Kb46vEelhu1vqEP+UeRVj2zY1pSuPdgvbd5ykAw82Lrro28vXUrRmzEsUV0NzCf54yARIK8r0fdw==",
      "cpu": [
        "s390x"
      ],
      "license": "MIT",
      "optional": true,
      "os": [
        "linux"
      ],
      "engines": {
        "node": ">=18"
      }
    },
    "node_modules/@esbuild/linux-x64": {
      "version": "0.27.7",
      "resolved": "https://registry.npmjs.org/@esbuild/linux-x64/-/linux-x64-0.27.7.tgz",
      "integrity": "sha512-hzznmADPt+OmsYzw1EE33ccA+HPdIqiCRq7cQeL1Jlq2gb1+OyWBkMCrYGBJ+sxVzve2ZJEVeePbLM2iEIZSxA==",
      "cpu": [
        "x64"
      ],
      "license": "MIT",
      "optional": true,
      "os": [
        "linux"
      ],
      "engines": {
        "node": ">=18"
      }
    },
    "node_modules/@esbuild/netbsd-arm64": {
      "version": "0.27.7",
      "resolved": "https://registry.npmjs.org/@esbuild/netbsd-arm64/-/netbsd-arm64-0.27.7.tgz",
      "integrity": "sha512-b6pqtrQdigZBwZxAn1UpazEisvwaIDvdbMbmrly7cDTMFnw/+3lVxxCTGOrkPVnsYIosJJXAsILG9XcQS+Yu6w==",
      "cpu": [
        "arm64"
      ],
      "license": "MIT",
      "optional": true,
      "os": [
        "netbsd"
      ],
      "engines": {
        "node": ">=18"
      }
    },
    "node_modules/@esbuild/netbsd-x64": {
      "version": "0.27.7",
      "resolved": "https://registry.npmjs.org/@esbuild/netbsd-x64/-/netbsd-x64-0.27.7.tgz",
      "integrity": "sha512-OfatkLojr6U+WN5EDYuoQhtM+1xco+/6FSzJJnuWiUw5eVcicbyK3dq5EeV/QHT1uy6GoDhGbFpprUiHUYggrw==",
      "cpu": [
        "x64"
      ],
      "license": "MIT",
      "optional": true,
      "os": [
        "netbsd"
      ],
      "engines": {
        "node": ">=18"
      }
    },
    "node_modules/@esbuild/openbsd-arm64": {
      "version": "0.27.7",
      "resolved": "https://registry.npmjs.org/@esbuild/openbsd-arm64/-/openbsd-arm64-0.27.7.tgz",
      "integrity": "sha512-AFuojMQTxAz75Fo8idVcqoQWEHIXFRbOc1TrVcFSgCZtQfSdc1RXgB3tjOn/krRHENUB4j00bfGjyl2mJrU37A==",
      "cpu": [
        "arm64"
      ],
      "license": "MIT",
      "optional": true,
      "os": [
        "openbsd"
      ],
      "engines": {
        "node": ">=18"
      }
    },
    "node_modules/@esbuild/openbsd-x64": {
      "version": "0.27.7",
      "resolved": "https://registry.npmjs.org/@esbuild/openbsd-x64/-/openbsd-x64-0.27.7.tgz",
      "integrity": "sha512-+A1NJmfM8WNDv5CLVQYJ5PshuRm/4cI6WMZRg1by1GwPIQPCTs1GLEUHwiiQGT5zDdyLiRM/l1G0Pv54gvtKIg==",
      "cpu": [
        "x64"
      ],
      "license": "MIT",
      "optional": true,
      "os": [
        "openbsd"
      ],
      "engines": {
        "node": ">=18"
      }
    },
    "node_modules/@esbuild/openharmony-arm64": {
      "version": "0.27.7",
      "resolved": "https://registry.npmjs.org/@esbuild/openharmony-arm64/-/openharmony-arm64-0.27.7.tgz",
      "integrity": "sha512-+KrvYb/C8zA9CU/g0sR6w2RBw7IGc5J2BPnc3dYc5VJxHCSF1yNMxTV5LQ7GuKteQXZtspjFbiuW5/dOj7H4Yw==",
      "cpu": [
        "arm64"
      ],
      "license": "MIT",
      "optional": true,
      "os": [
        "openharmony"
      ],
      "engines": {
        "node": ">=18"
      }
    },
    "node_modules/@esbuild/sunos-x64": {
      "version": "0.27.7",
      "resolved": "https://registry.npmjs.org/@esbuild/sunos-x64/-/sunos-x64-0.27.7.tgz",
      "integrity": "sha512-ikktIhFBzQNt/QDyOL580ti9+5mL/YZeUPKU2ivGtGjdTYoqz6jObj6nOMfhASpS4GU4Q/Clh1QtxWAvcYKamA==",
      "cpu": [
        "x64"
      ],
      "license": "MIT",
      "optional": true,
      "os": [
        "sunos"
      ],
      "engines": {
        "node": ">=18"
      }
    },
    "node_modules/@esbuild/win32-arm64": {
      "version": "0.27.7",
      "resolved": "https://registry.npmjs.org/@esbuild/win32-arm64/-/win32-arm64-0.27.7.tgz",
      "integrity": "sha512-7yRhbHvPqSpRUV7Q20VuDwbjW5kIMwTHpptuUzV+AA46kiPze5Z7qgt6CLCK3pWFrHeNfDd1VKgyP4O+ng17CA==",
      "cpu": [
        "arm64"
      ],
      "license": "MIT",
      "optional": true,
      "os": [
        "win32"
      ],
      "engines": {
        "node": ">=18"
      }
    },
    "node_modules/@esbuild/win32-ia32": {
      "version": "0.27.7",
      "resolved": "https://registry.npmjs.org/@esbuild/win32-ia32/-/win32-ia32-0.27.7.tgz",
      "integrity": "sha512-SmwKXe6VHIyZYbBLJrhOoCJRB/Z1tckzmgTLfFYOfpMAx63BJEaL9ExI8x7v0oAO3Zh6D/Oi1gVxEYr5oUCFhw==",
      "cpu": [
        "ia32"
      ],
      "license": "MIT",
      "optional": true,
      "os": [
        "win32"
      ],
      "engines": {
        "node": ">=18"
      }
    },
    "node_modules/@esbuild/win32-x64": {
      "version": "0.27.7",
      "resolved": "https://registry.npmjs.org/@esbuild/win32-x64/-/win32-x64-0.27.7.tgz",
      "integrity": "sha512-56hiAJPhwQ1R4i+21FVF7V8kSD5zZTdHcVuRFMW0hn753vVfQN8xlx4uOPT4xoGH0Z/oVATuR82AiqSTDIpaHg==",
      "cpu": [
        "x64"
      ],
      "license": "MIT",
      "optional": true,
      "os": [
        "win32"
      ],
      "engines": {
        "node": ">=18"
      }
    },
    "node_modules/@floating-ui/core": {
      "version": "1.8.0",
      "resolved": "https://registry.npmjs.org/@floating-ui/core/-/core-1.8.0.tgz",
      "integrity": "sha512-0CIZ5itps/8x7BG8dEIhs53BvCUH2PCoogtakwRTut+Arm58sJooJ0AuZhLw2HJYIR5cMLNPBSS728sPho2khQ==",
      "license": "MIT",
      "dependencies": {
        "@floating-ui/utils": "^0.2.12"
      }
    },
    "node_modules/@floating-ui/dom": {
      "version": "1.8.0",
      "resolved": "https://registry.npmjs.org/@floating-ui/dom/-/dom-1.8.0.tgz",
      "integrity": "sha512-yXSrzeHZBTZadLOlfyhCkJHNeLJnHRnRInwdZ40L7ZiaAtrBwoYlsDrX3v5zB1Utk7CLfzcOVnVVWoXEky7Ceg==",
      "license": "MIT",
      "dependencies": {
        "@floating-ui/core": "^1.8.0",
        "@floating-ui/utils": "^0.2.12"
      }
    },
    "node_modules/@floating-ui/utils": {
      "version": "0.2.12",
      "resolved": "https://registry.npmjs.org/@floating-ui/utils/-/utils-0.2.12.tgz",
      "integrity": "sha512-HpCo8tmWzLVad5s2d19EhAz5zqrrQ6s69qd6moPMQvkOuSwDT1YgRfWSVuc4ennqrgv3OHppiOGMQ7oC13yIww==",
      "license": "MIT"
    },
    "node_modules/@proto.ui/adapter-base": {
      "version": "0.3.0-alpha.1",
      "resolved": "file:../../release-465b498d/tarballs/proto.ui-adapter-base-0.3.0-alpha.1.tgz",
      "integrity": "sha512-cvt5FFUUpH7vz5rEaamqNpeaSUnn9TBSDPBKeUTH/hjKONsecmbcWUcMw1Nd4Iw0oytU2GmAeawqOJ3LpcsmKA==",
      "license": "MIT",
      "dependencies": {
        "@proto.ui/core": "0.3.0-alpha.1",
        "@proto.ui/module-expose-state": "0.3.0-alpha.1",
        "@proto.ui/runtime": "0.3.0-alpha.1",
        "@proto.ui/types": "0.3.0-alpha.1"
      }
    },
    "node_modules/@proto.ui/adapter-vue2": {
      "version": "0.3.0-alpha.1",
      "resolved": "file:../../release-465b498d/tarballs/proto.ui-adapter-vue2-0.3.0-alpha.1.tgz",
      "integrity": "sha512-hK3GHkGF+CtpB+Ia036uKYcnK1fuXW1Zz5G8iboVoofZWAQyCHIf/AT0qChltBNvoRrk5qRT5JzaJD9zmi4hyQ==",
      "license": "MIT",
      "dependencies": {
        "@proto.ui/adapter-base": "0.3.0-alpha.1",
        "@proto.ui/core": "0.3.0-alpha.1",
        "@proto.ui/hooks": "0.3.0-alpha.1",
        "@proto.ui/module-a11y": "0.3.0-alpha.1",
        "@proto.ui/module-anatomy": "0.3.0-alpha.1",
        "@proto.ui/module-as-trigger": "0.3.0-alpha.1",
        "@proto.ui/module-boundary": "0.3.0-alpha.1",
        "@proto.ui/module-context": "0.3.0-alpha.1",
        "@proto.ui/module-event": "0.3.0-alpha.1",
        "@proto.ui/module-expose-event": "0.3.0-alpha.1",
        "@proto.ui/module-expose-state": "0.3.0-alpha.1",
        "@proto.ui/module-expose-state-web": "0.3.0-alpha.1",
        "@proto.ui/module-feedback": "0.3.0-alpha.1",
        "@proto.ui/module-focus": "0.3.0-alpha.1",
        "@proto.ui/module-hit-participation": "0.3.0-alpha.1",
        "@proto.ui/module-image-view": "0.3.0-alpha.1",
        "@proto.ui/module-overlay": "0.3.0-alpha.1",
        "@proto.ui/module-positioning": "0.3.0-alpha.1",
        "@proto.ui/module-props": "0.3.0-alpha.1",
        "@proto.ui/module-rule-expose-state-web": "0.3.0-alpha.1",
        "@proto.ui/module-rule-meta": "0.3.0-alpha.1",
        "@proto.ui/module-scroll": "0.3.0-alpha.1",
        "@proto.ui/module-text-control": "0.3.0-alpha.1",
        "@proto.ui/runtime": "0.3.0-alpha.1",
        "@proto.ui/types": "0.3.0-alpha.1"
      },
      "peerDependencies": {
        "vue": ">=2.6.0 <2.7"
      }
    },
    "node_modules/@proto.ui/cli": {
      "version": "0.3.0-alpha.1",
      "resolved": "file:../../release-465b498d/tarballs/proto.ui-cli-0.3.0-alpha.1.tgz",
      "integrity": "sha512-atLK11KYfBRxDDge+FGBqWwAeYksGEeXji9VFkxNEYlMYSZt/I0+cG0yLaHg5K6GuVaD+bQ29SL1rIG3iXkw6Q==",
      "license": "MIT",
      "dependencies": {
        "prompts": "^2.4.2",
        "typescript": "^5.0.0"
      },
      "bin": {
        "proto-ui": "bin/proto-ui.js"
      }
    },
    "node_modules/@proto.ui/core": {
      "version": "0.3.0-alpha.1",
      "resolved": "file:../../release-465b498d/tarballs/proto.ui-core-0.3.0-alpha.1.tgz",
      "integrity": "sha512-EBFnR2xO8VsEYTgfn6Ptrs+CPx+s8qQJ+Cd3fv1R62GlM7BQzlOsrg022W0nMXwnMiyBkFZHd+SRJm82vZKQcw==",
      "license": "MIT"
    },
    "node_modules/@proto.ui/hooks": {
      "version": "0.3.0-alpha.1",
      "resolved": "file:../../release-465b498d/tarballs/proto.ui-hooks-0.3.0-alpha.1.tgz",
      "integrity": "sha512-oP3ud42veTK6TlQfT3RfX6neMS/Ip+oUcuOh1ALU7g+L+F3rGKYoUCENwY3uj4J/HMzyaAwAHSColeWCB8gbNw==",
      "license": "MIT",
      "dependencies": {
        "@proto.ui/core": "0.3.0-alpha.1",
        "@proto.ui/module-anatomy": "0.3.0-alpha.1",
        "@proto.ui/module-collection": "0.3.0-alpha.1",
        "@proto.ui/types": "0.3.0-alpha.1"
      }
    },
    "node_modules/@proto.ui/module-a11y": {
      "version": "0.3.0-alpha.1",
      "resolved": "file:../../release-465b498d/tarballs/proto.ui-module-a11y-0.3.0-alpha.1.tgz",
      "integrity": "sha512-PsXM27FoNKCTFQmiKAeWOiyw0pAd4x73epLI+3lhWjwtE1QMgfglb/QyFIZZGr0jeMfL0v5qABMjHJnGQBCWEQ==",
      "license": "MIT",
      "dependencies": {
        "@proto.ui/core": "0.3.0-alpha.1",
        "@proto.ui/module-base": "0.3.0-alpha.1",
        "@proto.ui/module-state": "0.3.0-alpha.1"
      }
    },
    "node_modules/@proto.ui/module-anatomy": {
      "version": "0.3.0-alpha.1",
      "resolved": "file:../../release-465b498d/tarballs/proto.ui-module-anatomy-0.3.0-alpha.1.tgz",
      "integrity": "sha512-zcqr4KuYBvI+hISdh19K9t7qtdMr/O1Wmz3qAatQEoGNoxhKehZYC3JhDzDHhwiGK0pSDdUGtHrHwOEj7lUhEQ==",
      "license": "MIT",
      "dependencies": {
        "@proto.ui/core": "0.3.0-alpha.1",
        "@proto.ui/module-base": "0.3.0-alpha.1",
        "@proto.ui/module-expose": "0.3.0-alpha.1"
      }
    },
    "node_modules/@proto.ui/module-as-trigger": {
      "version": "0.3.0-alpha.1",
      "resolved": "file:../../release-465b498d/tarballs/proto.ui-module-as-trigger-0.3.0-alpha.1.tgz",
      "integrity": "sha512-zHML68N6GYaKqAG1BpmayGA1CTL+pMntGC5Rd7lFpKBWZzY9UunKdJpwtmk+No4W38fYZQg3pFxTGKY5cMGwQg==",
      "license": "MIT",
      "dependencies": {
        "@proto.ui/core": "0.3.0-alpha.1",
        "@proto.ui/module-base": "0.3.0-alpha.1",
        "@proto.ui/module-event": "0.3.0-alpha.1"
      }
    },
    "node_modules/@proto.ui/module-base": {
      "version": "0.3.0-alpha.1",
      "resolved": "file:../../release-465b498d/tarballs/proto.ui-module-base-0.3.0-alpha.1.tgz",
      "integrity": "sha512-JTc5ctnsqyzl1/tepeiKgC++pzEGbg44xNPUEPmlaz30G9lLz4ICkZdu6O6jQezelhnNyi1gQXcLTrUJSGWKUA==",
      "license": "MIT",
      "dependencies": {
        "@proto.ui/core": "0.3.0-alpha.1"
      }
    },
    "node_modules/@proto.ui/module-boundary": {
      "version": "0.3.0-alpha.1",
      "resolved": "file:../../release-465b498d/tarballs/proto.ui-module-boundary-0.3.0-alpha.1.tgz",
      "integrity": "sha512-pYzn5Py9nwYkojaF7YhJYbmhNU7Qum3ZiT1VU4hURBzCJcUrdCquyP7xmnrLoibwTttq785BGSJHYsxgtj087g==",
      "license": "MIT",
      "dependencies": {
        "@proto.ui/core": "0.3.0-alpha.1",
        "@proto.ui/module-base": "0.3.0-alpha.1",
        "@proto.ui/module-event": "0.3.0-alpha.1",
        "@proto.ui/types": "0.3.0-alpha.1"
      }
    },
    "node_modules/@proto.ui/module-collection": {
      "version": "0.3.0-alpha.1",
      "resolved": "file:../../release-465b498d/tarballs/proto.ui-module-collection-0.3.0-alpha.1.tgz",
      "integrity": "sha512-JJDFRG+1CBmOVBH+MELj0yKap6xRzWR8+PICy7XrYFIyd/pVeHfMaDOhvXt5kqvy7kvWb5PUcYAAHYVnT7WqyA==",
      "license": "MIT",
      "dependencies": {
        "@proto.ui/core": "0.3.0-alpha.1",
        "@proto.ui/module-anatomy": "0.3.0-alpha.1",
        "@proto.ui/module-base": "0.3.0-alpha.1",
        "@proto.ui/types": "0.3.0-alpha.1"
      }
    },
    "node_modules/@proto.ui/module-context": {
      "version": "0.3.0-alpha.1",
      "resolved": "file:../../release-465b498d/tarballs/proto.ui-module-context-0.3.0-alpha.1.tgz",
      "integrity": "sha512-q6IairpxQXFp5thrD3gw4y2d5bnC/KwpJPRtYyZlqar5B4vNjRGZLk3pvKqiCJ+boiqjLcgdWmjwP4CP6VdCUA==",
      "license": "MIT",
      "dependencies": {
        "@proto.ui/core": "0.3.0-alpha.1",
        "@proto.ui/module-base": "0.3.0-alpha.1",
        "@proto.ui/types": "0.3.0-alpha.1"
      }
    },
    "node_modules/@proto.ui/module-event": {
      "version": "0.3.0-alpha.1",
      "resolved": "file:../../release-465b498d/tarballs/proto.ui-module-event-0.3.0-alpha.1.tgz",
      "integrity": "sha512-BtRutcZDbQxR6fqMoop52wzWql5E93MxChJ69ZhOr7WDKTScoOzn8H0K0qwJsF56WjZzEfZ4+BXeeqkN2EfP0Q==",
      "license": "MIT",
      "dependencies": {
        "@proto.ui/core": "0.3.0-alpha.1",
        "@proto.ui/module-base": "0.3.0-alpha.1",
        "@proto.ui/module-expose-event": "0.3.0-alpha.1",
        "@proto.ui/types": "0.3.0-alpha.1"
      }
    },
    "node_modules/@proto.ui/module-expose": {
      "version": "0.3.0-alpha.1",
      "resolved": "file:../../release-465b498d/tarballs/proto.ui-module-expose-0.3.0-alpha.1.tgz",
      "integrity": "sha512-24oo0hVJyUFyTWm1an/qw+h2My44C0feacib4dPm1Pe6qQA9Q9QdjQKUrcVprYhvQk1YwvjBb0DN4xm6+Wjmww==",
      "license": "MIT",
      "dependencies": {
        "@proto.ui/core": "0.3.0-alpha.1",
        "@proto.ui/module-base": "0.3.0-alpha.1"
      }
    },
    "node_modules/@proto.ui/module-expose-event": {
      "version": "0.3.0-alpha.1",
      "resolved": "file:../../release-465b498d/tarballs/proto.ui-module-expose-event-0.3.0-alpha.1.tgz",
      "integrity": "sha512-JSL2+WI9KP8UY3fbLzqlGU/wfCjAg088qQ3dB/Cl+odQCRNfxIaK+GQ/7kHzLTalzo0uTAdWgn6kNNcRvhCm0Q==",
      "license": "MIT",
      "dependencies": {
        "@proto.ui/core": "0.3.0-alpha.1",
        "@proto.ui/module-base": "0.3.0-alpha.1",
        "@proto.ui/module-expose": "0.3.0-alpha.1",
        "@proto.ui/types": "0.3.0-alpha.1"
      }
    },
    "node_modules/@proto.ui/module-expose-state": {
      "version": "0.3.0-alpha.1",
      "resolved": "file:../../release-465b498d/tarballs/proto.ui-module-expose-state-0.3.0-alpha.1.tgz",
      "integrity": "sha512-OXElf0GaO4dKYfyy70Xj7lF3VRl5Ea65iGuuR54chtfBcYAwO8y3qbH+KsErPFC8NMXFkyMgc9/3kJEBgzzgyA==",
      "license": "MIT",
      "dependencies": {
        "@proto.ui/core": "0.3.0-alpha.1",
        "@proto.ui/module-base": "0.3.0-alpha.1",
        "@proto.ui/module-expose": "0.3.0-alpha.1",
        "@proto.ui/module-state": "0.3.0-alpha.1",
        "@proto.ui/types": "0.3.0-alpha.1"
      }
    },
    "node_modules/@proto.ui/module-expose-state-web": {
      "version": "0.3.0-alpha.1",
      "resolved": "file:../../release-465b498d/tarballs/proto.ui-module-expose-state-web-0.3.0-alpha.1.tgz",
      "integrity": "sha512-nas0SX4iz2AxHq0oZDiEkY/XYXjAKwSan1Gq0IVDU+zvz0LpBHcGTbljVmy/BP75uGYbb7qsx4YN8AZjWZkA4A==",
      "license": "MIT",
      "dependencies": {
        "@proto.ui/core": "0.3.0-alpha.1",
        "@proto.ui/module-base": "0.3.0-alpha.1",
        "@proto.ui/module-expose-state": "0.3.0-alpha.1",
        "@proto.ui/types": "0.3.0-alpha.1"
      }
    },
    "node_modules/@proto.ui/module-feedback": {
      "version": "0.3.0-alpha.1",
      "resolved": "file:../../release-465b498d/tarballs/proto.ui-module-feedback-0.3.0-alpha.1.tgz",
      "integrity": "sha512-eMGlQpAssMxybXxXA4gtqMcueDieal5oWIYPMEtKML7TZ3VqRP8zMdCnJgbe5ANlj9hrrjXMxkvnBxF5VDwhGg==",
      "license": "MIT",
      "dependencies": {
        "@proto.ui/core": "0.3.0-alpha.1",
        "@proto.ui/module-base": "0.3.0-alpha.1"
      }
    },
    "node_modules/@proto.ui/module-focus": {
      "version": "0.3.0-alpha.1",
      "resolved": "file:../../release-465b498d/tarballs/proto.ui-module-focus-0.3.0-alpha.1.tgz",
      "integrity": "sha512-kosaGoUWP8RJDClcFsMaAcdDYOyh2MwgroSnFh7BMYhTCtA56TNOJELrzSMQoTChV5gEeFB71Kzs6NcrjNuj6g==",
      "license": "MIT",
      "dependencies": {
        "@proto.ui/core": "0.3.0-alpha.1",
        "@proto.ui/module-base": "0.3.0-alpha.1",
        "@proto.ui/module-event": "0.3.0-alpha.1",
        "@proto.ui/module-state": "0.3.0-alpha.1",
        "@proto.ui/types": "0.3.0-alpha.1"
      }
    },
    "node_modules/@proto.ui/module-hit-participation": {
      "version": "0.3.0-alpha.1",
      "resolved": "file:../../release-465b498d/tarballs/proto.ui-module-hit-participation-0.3.0-alpha.1.tgz",
      "integrity": "sha512-GzkZlEU6i2rW1GSY/+H66Z2FV4Nl/JHaYyQe13gRiQ9agfmqetB0F8mkRwaxDmkVxqM1EhASJG6JPh/KjYTkPg==",
      "license": "MIT",
      "dependencies": {
        "@proto.ui/core": "0.3.0-alpha.1",
        "@proto.ui/module-base": "0.3.0-alpha.1",
        "@proto.ui/types": "0.3.0-alpha.1"
      }
    },
    "node_modules/@proto.ui/module-image-view": {
      "version": "0.3.0-alpha.1",
      "resolved": "file:../../release-465b498d/tarballs/proto.ui-module-image-view-0.3.0-alpha.1.tgz",
      "integrity": "sha512-sdNoQXQQRA7GVPh4HIq9U6Pe6ekm+JxNrF+PjTSEXid6xjBO5BRiYz7yM42KfquE6JZzanA9NB/1on5BffA7+Q==",
      "license": "MIT",
      "dependencies": {
        "@proto.ui/core": "0.3.0-alpha.1",
        "@proto.ui/module-base": "0.3.0-alpha.1",
        "@proto.ui/types": "0.3.0-alpha.1"
      }
    },
    "node_modules/@proto.ui/module-overlay": {
      "version": "0.3.0-alpha.1",
      "resolved": "file:../../release-465b498d/tarballs/proto.ui-module-overlay-0.3.0-alpha.1.tgz",
      "integrity": "sha512-WJe+w9RYGVG7gzYJ1AoeHTPlE4hnZoY9n0Vx8j/SJ3WiWc4cfr0MuXf9+CSFiZ6cqLcrIsacCmOwnNPgx/YSHA==",
      "license": "MIT",
      "dependencies": {
        "@proto.ui/core": "0.3.0-alpha.1",
        "@proto.ui/module-anatomy": "0.3.0-alpha.1",
        "@proto.ui/module-base": "0.3.0-alpha.1",
        "@proto.ui/module-boundary": "0.3.0-alpha.1",
        "@proto.ui/module-event": "0.3.0-alpha.1",
        "@proto.ui/module-positioning": "0.3.0-alpha.1",
        "@proto.ui/types": "0.3.0-alpha.1"
      }
    },
    "node_modules/@proto.ui/module-positioning": {
      "version": "0.3.0-alpha.1",
      "resolved": "file:../../release-465b498d/tarballs/proto.ui-module-positioning-0.3.0-alpha.1.tgz",
      "integrity": "sha512-j1iQ8OXooF3wbUrFeb85L+LRwLgnxz49OS2mPiGQDSZahfULjjbJeX7v7hMLH2MvKPnklBgrEh5wQG5k8CGI0Q==",
      "license": "MIT",
      "dependencies": {
        "@floating-ui/dom": "^1.7.4",
        "@proto.ui/core": "0.3.0-alpha.1",
        "@proto.ui/module-base": "0.3.0-alpha.1"
      }
    },
    "node_modules/@proto.ui/module-presence": {
      "version": "0.3.0-alpha.1",
      "resolved": "file:../../release-465b498d/tarballs/proto.ui-module-presence-0.3.0-alpha.1.tgz",
      "integrity": "sha512-ZzZ621OtsPJeVWEyjvTw5v1dvxM2nYhkcUPIiSsHGEMI2SUxpOILZAqSjBWC1v0zz4x2UNxji5OamFbcLLHnkw==",
      "license": "MIT",
      "dependencies": {
        "@proto.ui/core": "0.3.0-alpha.1",
        "@proto.ui/module-base": "0.3.0-alpha.1",
        "@proto.ui/types": "0.3.0-alpha.1"
      }
    },
    "node_modules/@proto.ui/module-props": {
      "version": "0.3.0-alpha.1",
      "resolved": "file:../../release-465b498d/tarballs/proto.ui-module-props-0.3.0-alpha.1.tgz",
      "integrity": "sha512-znlaPoMWOnHdmBMMbFHwGo0lQAGF6zfqN5OOFgsB2GWP65dgcz0WFpYWiUyJyrbpcFjvgUnEZSymplx1fJhhRA==",
      "license": "MIT",
      "dependencies": {
        "@proto.ui/core": "0.3.0-alpha.1",
        "@proto.ui/module-base": "0.3.0-alpha.1",
        "@proto.ui/types": "0.3.0-alpha.1"
      }
    },
    "node_modules/@proto.ui/module-rule": {
      "version": "0.3.0-alpha.1",
      "resolved": "file:../../release-465b498d/tarballs/proto.ui-module-rule-0.3.0-alpha.1.tgz",
      "integrity": "sha512-PvMUWWWZYfN3w50KwrZImqp/y6kI+ZSafTd0n2IGJOgKyyu6MgPRo2UN+uih0V4kv1LnmLkMirLj+u4lF79llw==",
      "license": "MIT",
      "dependencies": {
        "@proto.ui/core": "0.3.0-alpha.1",
        "@proto.ui/module-base": "0.3.0-alpha.1",
        "@proto.ui/module-context": "0.3.0-alpha.1",
        "@proto.ui/module-feedback": "0.3.0-alpha.1",
        "@proto.ui/module-props": "0.3.0-alpha.1",
        "@proto.ui/module-state": "0.3.0-alpha.1",
        "@proto.ui/types": "0.3.0-alpha.1"
      }
    },
    "node_modules/@proto.ui/module-rule-expose-state-web": {
      "version": "0.3.0-alpha.1",
      "resolved": "file:../../release-465b498d/tarballs/proto.ui-module-rule-expose-state-web-0.3.0-alpha.1.tgz",
      "integrity": "sha512-+L497Cjqq4izx1C4lX4kcq+cI7JOiv1l/H0q3vugvMcyF74RZp/plzc28n3X0OpNepQSqTN1Tk+y6riy6Lv56A==",
      "license": "MIT",
      "dependencies": {
        "@proto.ui/core": "0.3.0-alpha.1",
        "@proto.ui/module-base": "0.3.0-alpha.1",
        "@proto.ui/module-expose-state-web": "0.3.0-alpha.1",
        "@proto.ui/module-feedback": "0.3.0-alpha.1",
        "@proto.ui/module-rule": "0.3.0-alpha.1",
        "@proto.ui/types": "0.3.0-alpha.1"
      }
    },
    "node_modules/@proto.ui/module-rule-meta": {
      "version": "0.3.0-alpha.1",
      "resolved": "file:../../release-465b498d/tarballs/proto.ui-module-rule-meta-0.3.0-alpha.1.tgz",
      "integrity": "sha512-+Y+JV7Pql31LN1JUqCvlL2M+6BxR2UTrs8K0u2brJSnHOaHb8psMUbCqmC/fqADP5x/NiCmy15/EjVTv4oB7pA==",
      "license": "MIT",
      "dependencies": {
        "@proto.ui/core": "0.3.0-alpha.1",
        "@proto.ui/module-base": "0.3.0-alpha.1",
        "@proto.ui/module-rule": "0.3.0-alpha.1"
      }
    },
    "node_modules/@proto.ui/module-scroll": {
      "version": "0.3.0-alpha.1",
      "resolved": "file:../../release-465b498d/tarballs/proto.ui-module-scroll-0.3.0-alpha.1.tgz",
      "integrity": "sha512-vHT2FXHoGiFT/ObD+xCXkKuxg/DUncLhUUoPzy0ilZ/a63czqwACRS3yW7lgtWS88z0NmSSYjscUYdu6/k+jgg==",
      "license": "MIT",
      "dependencies": {
        "@proto.ui/core": "0.3.0-alpha.1",
        "@proto.ui/module-anatomy": "0.3.0-alpha.1",
        "@proto.ui/module-base": "0.3.0-alpha.1",
        "@proto.ui/module-context": "0.3.0-alpha.1",
        "@proto.ui/module-state": "0.3.0-alpha.1",
        "@proto.ui/types": "0.3.0-alpha.1"
      }
    },
    "node_modules/@proto.ui/module-state": {
      "version": "0.3.0-alpha.1",
      "resolved": "file:../../release-465b498d/tarballs/proto.ui-module-state-0.3.0-alpha.1.tgz",
      "integrity": "sha512-ouz/4nikDVp9A5F4qr2aGIHUswYzIkp7r2iEzVeNlXuqDhyu194KdWcVbSlxbNncx8vAwJ4VK2yy82eXXo9NIQ==",
      "license": "MIT",
      "dependencies": {
        "@proto.ui/core": "0.3.0-alpha.1",
        "@proto.ui/module-base": "0.3.0-alpha.1",
        "@proto.ui/types": "0.3.0-alpha.1"
      }
    },
    "node_modules/@proto.ui/module-state-accessibility": {
      "version": "0.3.0-alpha.1",
      "resolved": "file:../../release-465b498d/tarballs/proto.ui-module-state-accessibility-0.3.0-alpha.1.tgz",
      "integrity": "sha512-S/rrPUJeykoFiAwO4nfFs7ytXC8hcCIsSlIAX+TwGrKlN43B79m7jRP8vxd6L+U+Q8FMP/iy5dmFrMy0Yd8UAA==",
      "license": "MIT",
      "dependencies": {
        "@proto.ui/core": "0.3.0-alpha.1",
        "@proto.ui/module-base": "0.3.0-alpha.1",
        "@proto.ui/module-state": "0.3.0-alpha.1"
      }
    },
    "node_modules/@proto.ui/module-state-interaction": {
      "version": "0.3.0-alpha.1",
      "resolved": "file:../../release-465b498d/tarballs/proto.ui-module-state-interaction-0.3.0-alpha.1.tgz",
      "integrity": "sha512-mkhMMU8J/xOEeRzHYxp0DdnpeDtYG58ctX68zVRbC1WKrfGNNJHzmoMJpPQFdLtg9JyfPdI9G/2Fm+LI7J8DYQ==",
      "license": "MIT",
      "dependencies": {
        "@proto.ui/core": "0.3.0-alpha.1",
        "@proto.ui/module-base": "0.3.0-alpha.1",
        "@proto.ui/module-event": "0.3.0-alpha.1",
        "@proto.ui/module-state": "0.3.0-alpha.1"
      }
    },
    "node_modules/@proto.ui/module-test-sys": {
      "version": "0.3.0-alpha.1",
      "resolved": "file:../../release-465b498d/tarballs/proto.ui-module-test-sys-0.3.0-alpha.1.tgz",
      "integrity": "sha512-qGYoWIj8rMrJfGkFWzRBvmvtYnuFTC0kHEkaVNsGPetpb6InBSnVKlgE+PdA7rrjoRh5Djz9gbF9k8QJMb1yaw==",
      "license": "MIT",
      "dependencies": {
        "@proto.ui/core": "0.3.0-alpha.1",
        "@proto.ui/module-base": "0.3.0-alpha.1",
        "@proto.ui/types": "0.3.0-alpha.1"
      }
    },
    "node_modules/@proto.ui/module-text-control": {
      "version": "0.3.0-alpha.1",
      "resolved": "file:../../release-465b498d/tarballs/proto.ui-module-text-control-0.3.0-alpha.1.tgz",
      "integrity": "sha512-naKgOrzy4ZFlUIFfC27xE4cUdBeK+tqklzItF01wRL7jyPE+E8wwEtJcTxDVbU5DycVGYjRHVThnxrzB2i/uwg==",
      "license": "MIT",
      "dependencies": {
        "@proto.ui/core": "0.3.0-alpha.1",
        "@proto.ui/module-base": "0.3.0-alpha.1",
        "@proto.ui/types": "0.3.0-alpha.1"
      }
    },
    "node_modules/@proto.ui/prototypes-base": {
      "version": "0.3.0-alpha.1",
      "resolved": "file:../../release-465b498d/tarballs/proto.ui-prototypes-base-0.3.0-alpha.1.tgz",
      "integrity": "sha512-2cWY0rplJSmMjJarnGjVkemMGpCAZ2fB/oXkZxEOBz7j9bBYxdI7QhdYESMX86oazgMFx6bBCLZ2x6khs2TNvQ==",
      "license": "MIT",
      "dependencies": {
        "@proto.ui/core": "0.3.0-alpha.1",
        "@proto.ui/hooks": "0.3.0-alpha.1",
        "@proto.ui/module-image-view": "0.3.0-alpha.1",
        "@proto.ui/module-text-control": "0.3.0-alpha.1"
      }
    },
    "node_modules/@proto.ui/prototypes-shadcn": {
      "version": "0.3.0-alpha.1",
      "resolved": "file:../../release-465b498d/tarballs/proto.ui-prototypes-shadcn-0.3.0-alpha.1.tgz",
      "integrity": "sha512-rnXM0rFtaYpplNqNkYRXpWGxsdKEwd6vd892FLy+MQDcOxJhrEGhEnYv7QrF+AEaLntIEASNLcKsyNxnrMhJQg==",
      "license": "MIT",
      "dependencies": {
        "@proto.ui/core": "0.3.0-alpha.1",
        "@proto.ui/hooks": "0.3.0-alpha.1",
        "@proto.ui/prototypes-base": "0.3.0-alpha.1"
      }
    },
    "node_modules/@proto.ui/runtime": {
      "version": "0.3.0-alpha.1",
      "resolved": "file:../../release-465b498d/tarballs/proto.ui-runtime-0.3.0-alpha.1.tgz",
      "integrity": "sha512-OKVOyF4AJx2WT23iD1s4jZkTQuDrmS+Vlopt+jF4h5i5bgMGZUFGE53dZ6MHgchh19ohckAbibiOmWUt71RvSA==",
      "license": "MIT",
      "dependencies": {
        "@proto.ui/core": "0.3.0-alpha.1",
        "@proto.ui/hooks": "0.3.0-alpha.1",
        "@proto.ui/module-a11y": "0.3.0-alpha.1",
        "@proto.ui/module-anatomy": "0.3.0-alpha.1",
        "@proto.ui/module-as-trigger": "0.3.0-alpha.1",
        "@proto.ui/module-base": "0.3.0-alpha.1",
        "@proto.ui/module-boundary": "0.3.0-alpha.1",
        "@proto.ui/module-collection": "0.3.0-alpha.1",
        "@proto.ui/module-context": "0.3.0-alpha.1",
        "@proto.ui/module-event": "0.3.0-alpha.1",
        "@proto.ui/module-expose": "0.3.0-alpha.1",
        "@proto.ui/module-expose-event": "0.3.0-alpha.1",
        "@proto.ui/module-expose-state": "0.3.0-alpha.1",
        "@proto.ui/module-expose-state-web": "0.3.0-alpha.1",
        "@proto.ui/module-feedback": "0.3.0-alpha.1",
        "@proto.ui/module-focus": "0.3.0-alpha.1",
        "@proto.ui/module-hit-participation": "0.3.0-alpha.1",
        "@proto.ui/module-image-view": "0.3.0-alpha.1",
        "@proto.ui/module-overlay": "0.3.0-alpha.1",
        "@proto.ui/module-positioning": "0.3.0-alpha.1",
        "@proto.ui/module-presence": "0.3.0-alpha.1",
        "@proto.ui/module-props": "0.3.0-alpha.1",
        "@proto.ui/module-rule": "0.3.0-alpha.1",
        "@proto.ui/module-rule-expose-state-web": "0.3.0-alpha.1",
        "@proto.ui/module-rule-meta": "0.3.0-alpha.1",
        "@proto.ui/module-scroll": "0.3.0-alpha.1",
        "@proto.ui/module-state": "0.3.0-alpha.1",
        "@proto.ui/module-state-accessibility": "0.3.0-alpha.1",
        "@proto.ui/module-state-interaction": "0.3.0-alpha.1",
        "@proto.ui/module-test-sys": "0.3.0-alpha.1",
        "@proto.ui/module-text-control": "0.3.0-alpha.1",
        "@proto.ui/types": "0.3.0-alpha.1"
      }
    },
    "node_modules/@proto.ui/types": {
      "version": "0.3.0-alpha.1",
      "resolved": "file:../../release-465b498d/tarballs/proto.ui-types-0.3.0-alpha.1.tgz",
      "integrity": "sha512-jpH7T2asozPAtiCrxmobmcOuUUcH6rT5tGd4fVQI8S6hp+gGkbuObf5SlBA6MfA99/8rHVd6FZEYtRNYl2ToCA==",
      "license": "MIT"
    },
    "node_modules/esbuild": {
      "version": "0.27.7",
      "resolved": "https://registry.npmjs.org/esbuild/-/esbuild-0.27.7.tgz",
      "integrity": "sha512-IxpibTjyVnmrIQo5aqNpCgoACA/dTKLTlhMHihVHhdkxKyPO1uBBthumT0rdHmcsk9uMonIWS0m4FljWzILh3w==",
      "hasInstallScript": true,
      "license": "MIT",
      "bin": {
        "esbuild": "bin/esbuild"
      },
      "engines": {
        "node": ">=18"
      },
      "optionalDependencies": {
        "@esbuild/aix-ppc64": "0.27.7",
        "@esbuild/android-arm": "0.27.7",
        "@esbuild/android-arm64": "0.27.7",
        "@esbuild/android-x64": "0.27.7",
        "@esbuild/darwin-arm64": "0.27.7",
        "@esbuild/darwin-x64": "0.27.7",
        "@esbuild/freebsd-arm64": "0.27.7",
        "@esbuild/freebsd-x64": "0.27.7",
        "@esbuild/linux-arm": "0.27.7",
        "@esbuild/linux-arm64": "0.27.7",
        "@esbuild/linux-ia32": "0.27.7",
        "@esbuild/linux-loong64": "0.27.7",
        "@esbuild/linux-mips64el": "0.27.7",
        "@esbuild/linux-ppc64": "0.27.7",
        "@esbuild/linux-riscv64": "0.27.7",
        "@esbuild/linux-s390x": "0.27.7",
        "@esbuild/linux-x64": "0.27.7",
        "@esbuild/netbsd-arm64": "0.27.7",
        "@esbuild/netbsd-x64": "0.27.7",
        "@esbuild/openbsd-arm64": "0.27.7",
        "@esbuild/openbsd-x64": "0.27.7",
        "@esbuild/openharmony-arm64": "0.27.7",
        "@esbuild/sunos-x64": "0.27.7",
        "@esbuild/win32-arm64": "0.27.7",
        "@esbuild/win32-ia32": "0.27.7",
        "@esbuild/win32-x64": "0.27.7"
      }
    },
    "node_modules/fsevents": {
      "version": "2.3.3",
      "resolved": "https://registry.npmjs.org/fsevents/-/fsevents-2.3.3.tgz",
      "integrity": "sha512-5xoDfX+fL7faATnagmWPpbFtwh/R77WmMMqqHGS65C3vvB0YHrgF+B1YmZ3441tMj5n63k0212XNoJwzlhffQw==",
      "hasInstallScript": true,
      "license": "MIT",
      "optional": true,
      "os": [
        "darwin"
      ],
      "engines": {
        "node": "^8.16.0 || ^10.6.0 || >=11.0.0"
      }
    },
    "node_modules/get-tsconfig": {
      "version": "4.14.3",
      "resolved": "https://registry.npmjs.org/get-tsconfig/-/get-tsconfig-4.14.3.tgz",
      "integrity": "sha512-++QEw4DIY7WGoukz+/+A/8dGYPT9l9yIadnmSgZ8Rjr3YVSVDipQSO9CdnJo9ePqFqUUqh+wk9uIaoiAwsiPkA==",
      "license": "MIT",
      "dependencies": {
        "resolve-pkg-maps": "^1.0.0"
      },
      "funding": {
        "url": "https://github.com/privatenumber/get-tsconfig?sponsor=1"
      }
    },
    "node_modules/kleur": {
      "version": "3.0.3",
      "resolved": "https://registry.npmjs.org/kleur/-/kleur-3.0.3.tgz",
      "integrity": "sha512-eTIzlVOSUR+JxdDFepEYcBMtZ9Qqdef+rnzWdRZuMbOywu5tO2w2N7rqjoANZ5k9vywhL6Br1VRjUIgTQx4E8w==",
      "license": "MIT",
      "engines": {
        "node": ">=6"
      }
    },
    "node_modules/prompts": {
      "version": "2.4.2",
      "resolved": "https://registry.npmjs.org/prompts/-/prompts-2.4.2.tgz",
      "integrity": "sha512-NxNv/kLguCA7p3jE8oL2aEBsrJWgAakBpgmgK6lpPWV+WuOmY6r2/zbAVnP+T8bQlA0nzHXSJSJW0Hq7ylaD2Q==",
      "license": "MIT",
      "dependencies": {
        "kleur": "^3.0.3",
        "sisteransi": "^1.0.5"
      },
      "engines": {
        "node": ">= 6"
      }
    },
    "node_modules/resolve-pkg-maps": {
      "version": "1.0.0",
      "resolved": "https://registry.npmjs.org/resolve-pkg-maps/-/resolve-pkg-maps-1.0.0.tgz",
      "integrity": "sha512-seS2Tj26TBVOC2NIc2rOe2y2ZO7efxITtLZcGSOnHHNOQ7CkiUBfw0Iw2ck6xkIhPwLhKNLS8BO+hEpngQlqzw==",
      "license": "MIT",
      "funding": {
        "url": "https://github.com/privatenumber/resolve-pkg-maps?sponsor=1"
      }
    },
    "node_modules/sisteransi": {
      "version": "1.0.5",
      "resolved": "https://registry.npmjs.org/sisteransi/-/sisteransi-1.0.5.tgz",
      "integrity": "sha512-bLGGlR1QxBcynn2d5YmDX4MGjlZvy2MRBDRNHLJ8VI6l6+9FUiyTFNJ0IveOSP0bcXgVDPRcfGqA0pjaqUpfVg==",
      "license": "MIT"
    },
    "node_modules/tsx": {
      "version": "4.21.0",
      "resolved": "https://registry.npmjs.org/tsx/-/tsx-4.21.0.tgz",
      "integrity": "sha512-5C1sg4USs1lfG0GFb2RLXsdpXqBSEhAaA/0kPL01wxzpMqLILNxIxIOKiILz+cdg/pLnOUxFYOR5yhHU666wbw==",
      "license": "MIT",
      "dependencies": {
        "esbuild": "~0.27.0",
        "get-tsconfig": "^4.7.5"
      },
      "bin": {
        "tsx": "dist/cli.mjs"
      },
      "engines": {
        "node": ">=18.0.0"
      },
      "optionalDependencies": {
        "fsevents": "~2.3.3"
      }
    },
    "node_modules/typescript": {
      "version": "5.9.3",
      "resolved": "https://registry.npmjs.org/typescript/-/typescript-5.9.3.tgz",
      "integrity": "sha512-jl1vZzPDinLr9eUt3J/t7V6FgNEw9QjvBPdysz9KfQDD41fQrC2Y4vKQdiaUpFT4bXlb1RHhLpp8wtm6M5TgSw==",
      "license": "Apache-2.0",
      "bin": {
        "tsc": "bin/tsc",
        "tsserver": "bin/tsserver"
      },
      "engines": {
        "node": ">=14.17"
      }
    },
    "node_modules/vue": {
      "version": "2.6.14",
      "resolved": "https://registry.npmjs.org/vue/-/vue-2.6.14.tgz",
      "integrity": "sha512-x2284lgYvjOMj3Za7kqzRcUSxBboHqtgRE2zlos1qWaOye5yUmHn42LB1250NJBLRwEcdrB0JRwyPTEPhfQjiQ==",
      "deprecated": "Vue 2 has reached EOL and is no longer actively maintained. See https://v2.vuejs.org/eol/ for more details.",
      "license": "MIT"
    }
  }
}
